
Microsoft Visual Studio Solution File, Format Version 12.00
# Visual Studio Version 16
VisualStudioVersion = 16.0.29411.108
MinimumVisualStudioVersion = 10.0.40219.1
Project("{FAE04EC0-301F-11D3-BF4B-00C04F79EFBC}") = "FoodBankDonationHelper", "FoodBankDonationHelper.csproj", "{3DA0BDF6-8286-4B8A-9BE7-001B9596C25D}"
EndProject
Global
	GlobalSection(SolutionConfigurationPlatforms) = preSolution
		Debug|Any CPU = Debug|Any CPU
		Release|Any CPU = Release|Any CPU
	EndGlobalSection
	GlobalSection(ProjectConfigurationPlatforms) = postSolution
		{3DA0BDF6-8286-4B8A-9BE7-001B9596C25D}.Debug|Any CPU.ActiveCfg = Debug|Any CPU
		{3DA0BDF6-8286-4B8A-9BE7-001B9596C25D}.Debug|Any CPU.Build.0 = Debug|Any CPU
		{3DA0BDF6-8286-4B8A-9BE7-001B9596C25D}.Release|Any CPU.ActiveCfg = Release|Any CPU
		{3DA0BDF6-8286-4B8A-9BE7-001B9596C25D}.Release|Any CPU.Build.0 = Release|Any CPU
	EndGlobalSection
	GlobalSection(SolutionProperties) = preSolution
		HideSolutionNode = FALSE
	EndGlobalSection
	GlobalSection(ExtensibilityGlobals) = postSolution
		SolutionGuid = {B11CB9A8-DD44-4741-8350-7459A254607B}
	EndGlobalSection
EndGlobal
